
Microsoft Visual Studio Solution File, Format Version 12.00
Project("{FAE04EC0-301F-11D3-BF4B-00C04F79EFBC}") = "ChangeMetaDataBundle", "ChangeMetaDataBundle.csproj", "{3E58FABC-865E-4E12-9CF3-05F837570B8E}"
EndProject
Global
	GlobalSection(SolutionConfigurationPlatforms) = preSolution
		Debug|Any CPU = Debug|Any CPU
		Release|Any CPU = Release|Any CPU
	EndGlobalSection
	GlobalSection(ProjectConfigurationPlatforms) = postSolution
		{3E58FABC-865E-4E12-9CF3-05F837570B8E}.Debug|Any CPU.ActiveCfg = Debug|Any CPU
		{3E58FABC-865E-4E12-9CF3-05F837570B8E}.Debug|Any CPU.Build.0 = Debug|Any CPU
		{3E58FABC-865E-4E12-9CF3-05F837570B8E}.Release|Any CPU.ActiveCfg = Release|Any CPU
		{3E58FABC-865E-4E12-9CF3-05F837570B8E}.Release|Any CPU.Build.0 = Release|Any CPU
		{3E58FABC-865E-4E12-9CF3-05F837570B8E}.Debug|Any CPU.Deploy.0 = Debug|Any CPU
	EndGlobalSection
EndGlobal
